
Microsoft Visual Studio Solution File, Format Version 12.00
# Visual Studio Version 16
VisualStudioVersion = 16.0.30717.126
MinimumVisualStudioVersion = 10.0.40219.1
Project("{9A19103F-16F7-4668-BE54-9A1E7A4F7556}") = "DataAccess", "DataAccess\DataAccess.csproj", "{A7992085-5286-4E6C-A195-916FDFD44BBE}"
EndProject
Project("{9A19103F-16F7-4668-BE54-9A1E7A4F7556}") = "Business", "Business\Business.csproj", "{52974742-A683-4A17-8EF6-3AFBE2A1CA6A}"
EndProject
Project("{9A19103F-16F7-4668-BE54-9A1E7A4F7556}") = "Entity", "Entity\Entity.csproj", "{3D9C394C-7DAC-429C-BBFF-AFC050B71837}"
EndProject
Project("{9A19103F-16F7-4668-BE54-9A1E7A4F7556}") = "UiLayer", "UiLayer\UiLayer.csproj", "{2710F03D-0948-4C18-975C-D5A926C35F9B}"
EndProject
Project("{FAE04EC0-301F-11D3-BF4B-00C04F79EFBC}") = "Core", "Core\Core.csproj", "{F6A90D7F-C97D-485E-89E2-6196C571CB45}"
EndProject
Global
	GlobalSection(SolutionConfigurationPlatforms) = preSolution
		Debug|Any CPU = Debug|Any CPU
		Release|Any CPU = Release|Any CPU
	EndGlobalSection
	GlobalSection(ProjectConfigurationPlatforms) = postSolution
		{A7992085-5286-4E6C-A195-916FDFD44BBE}.Debug|Any CPU.ActiveCfg = Debug|Any CPU
		{A7992085-5286-4E6C-A195-916FDFD44BBE}.Debug|Any CPU.Build.0 = Debug|Any CPU
		{A7992085-5286-4E6C-A195-916FDFD44BBE}.Release|Any CPU.ActiveCfg = Release|Any CPU
		{A7992085-5286-4E6C-A195-916FDFD44BBE}.Release|Any CPU.Build.0 = Release|Any CPU
		{52974742-A683-4A17-8EF6-3AFBE2A1CA6A}.Debug|Any CPU.ActiveCfg = Debug|Any CPU
		{52974742-A683-4A17-8EF6-3AFBE2A1CA6A}.Debug|Any CPU.Build.0 = Debug|Any CPU
		{52974742-A683-4A17-8EF6-3AFBE2A1CA6A}.Release|Any CPU.ActiveCfg = Release|Any CPU
		{52974742-A683-4A17-8EF6-3AFBE2A1CA6A}.Release|Any CPU.Build.0 = Release|Any CPU
		{3D9C394C-7DAC-429C-BBFF-AFC050B71837}.Debug|Any CPU.ActiveCfg = Debug|Any CPU
		{3D9C394C-7DAC-429C-BBFF-AFC050B71837}.Debug|Any CPU.Build.0 = Debug|Any CPU
		{3D9C394C-7DAC-429C-BBFF-AFC050B71837}.Release|Any CPU.ActiveCfg = Release|Any CPU
		{3D9C394C-7DAC-429C-BBFF-AFC050B71837}.Release|Any CPU.Build.0 = Release|Any CPU
		{2710F03D-0948-4C18-975C-D5A926C35F9B}.Debug|Any CPU.ActiveCfg = Debug|Any CPU
		{2710F03D-0948-4C18-975C-D5A926C35F9B}.Debug|Any CPU.Build.0 = Debug|Any CPU
		{2710F03D-0948-4C18-975C-D5A926C35F9B}.Release|Any CPU.ActiveCfg = Release|Any CPU
		{2710F03D-0948-4C18-975C-D5A926C35F9B}.Release|Any CPU.Build.0 = Release|Any CPU
		{F6A90D7F-C97D-485E-89E2-6196C571CB45}.Debug|Any CPU.ActiveCfg = Debug|Any CPU
		{F6A90D7F-C97D-485E-89E2-6196C571CB45}.Debug|Any CPU.Build.0 = Debug|Any CPU
		{F6A90D7F-C97D-485E-89E2-6196C571CB45}.Release|Any CPU.ActiveCfg = Release|Any CPU
		{F6A90D7F-C97D-485E-89E2-6196C571CB45}.Release|Any CPU.Build.0 = Release|Any CPU
	EndGlobalSection
	GlobalSection(SolutionProperties) = preSolution
		HideSolutionNode = FALSE
	EndGlobalSection
	GlobalSection(ExtensibilityGlobals) = postSolution
		SolutionGuid = {0B934AA4-3FFA-4A83-A3F3-7E1095599BB9}
	EndGlobalSection
EndGlobal
